
Microsoft Visual Studio Solution File, Format Version 12.00
# Visual Studio Version 17
VisualStudioVersion = 17.5.33424.131
MinimumVisualStudioVersion = 10.0.40219.1
Project("{2150E333-8FDC-42A3-9474-1A3956D46DE8}") = "Task0", "Task0", "{FF1F1ED8-598C-4585-98B5-2C2CCC4D7601}"
EndProject
Project("{FAE04EC0-301F-11D3-BF4B-00C04F79EFBC}") = "Tyuiu.GandaloevMA.Sprint0.Task0.V0", "Tyuiu.GandaloevMA.Sprint0.Task0.V0\Tyuiu.GandaloevMA.Sprint0.Task0.V0.csproj", "{6BBBE85C-A390-4AEF-B486-C4CA32F860C6}"
EndProject
Project("{2150E333-8FDC-42A3-9474-1A3956D46DE8}") = "Task1", "Task1", "{2CCA4C8D-1493-40E3-84B4-4FC5E9E73CC0}"
EndProject
Project("{FAE04EC0-301F-11D3-BF4B-00C04F79EFBC}") = "Tyuiu.GandaloevMA.Sprint0.Task1.V0", "Tyuiu.GandaloevMA.Sprint0.Task1.V0\Tyuiu.GandaloevMA.Sprint0.Task1.V0.csproj", "{92368BF7-27B8-46F4-8B84-A380ED3E7054}"
EndProject
Project("{2150E333-8FDC-42A3-9474-1A3956D46DE8}") = "Task2", "Task2", "{ED2007B3-E6DD-4EC9-89CA-BFF774825766}"
EndProject
Project("{FAE04EC0-301F-11D3-BF4B-00C04F79EFBC}") = "Tyuiu.GandaloevMA.Sprint0.Task2.V0.Test", "Tyuiu.GandaloevMA.Sprint0.Task2.V0.Test\Tyuiu.GandaloevMA.Sprint0.Task2.V0.Test.csproj", "{C0A8CE18-8894-4453-AB2C-EBA01F8CC088}"
EndProject
Project("{FAE04EC0-301F-11D3-BF4B-00C04F79EFBC}") = "Tyuiu.GandaloevMA.Sprint0.Task2.V0", "Tyuiu.GandaloevMA.Sprint0.Task2.V0\Tyuiu.GandaloevMA.Sprint0.Task2.V0.csproj", "{1EA91C52-7752-4C4B-8B8B-3BCBD28371DE}"
EndProject
Project("{FAE04EC0-301F-11D3-BF4B-00C04F79EFBC}") = "Tyuiu.GandaloevMA.Sprint0.Task2.V0.Lib", "Tyuiu.GandaloevMA.Sprint0.Task2.V0.Lib\Tyuiu.GandaloevMA.Sprint0.Task2.V0.Lib.csproj", "{BB8C7646-4B2C-4B35-AD70-245B9CD8762E}"
EndProject
Project("{2150E333-8FDC-42A3-9474-1A3956D46DE8}") = "Task3", "Task3", "{68F94094-4C29-48C5-9B73-947EFA73C01F}"
EndProject
Project("{FAE04EC0-301F-11D3-BF4B-00C04F79EFBC}") = "Tyuiu.GandaloevMA.Sprint0.Task3.V0.Lib", "Tyuiu.GandaloevMA.Sprint0.Task3.V0.Lib\Tyuiu.GandaloevMA.Sprint0.Task3.V0.Lib.csproj", "{7D312A39-FB39-455E-A0F1-4012E4601DF3}"
EndProject
Project("{FAE04EC0-301F-11D3-BF4B-00C04F79EFBC}") = "Tyuiu.GandaloevMA.Sprint0.Task3.V0", "Tyuiu.GandaloevMA.Sprint0.Task3.V0\Tyuiu.GandaloevMA.Sprint0.Task3.V0.csproj", "{532BA7CC-5B25-43D2-90C2-AE9481D14285}"
EndProject
Project("{FAE04EC0-301F-11D3-BF4B-00C04F79EFBC}") = "Tyuiu.GandaloevMA.Sprint0.Task3.V0.Test", "Tyuiu.GandaloevMA.Sprint0.Task3.V0.Test\Tyuiu.GandaloevMA.Sprint0.Task3.V0.Test.csproj", "{18E053AD-315F-460A-869F-5D47B7ED08E3}"
EndProject
Project("{2150E333-8FDC-42A3-9474-1A3956D46DE8}") = "Task4", "Task4", "{109A4C83-EBAC-4F5C-8EF4-AFB8C4512EF8}"
EndProject
Project("{FAE04EC0-301F-11D3-BF4B-00C04F79EFBC}") = "Tyuiu.GandaloevMA.Sprint0.Task4.V0.Test", "Tyuiu.GandaloevMA.Sprint0.Task4.V0.Test\Tyuiu.GandaloevMA.Sprint0.Task4.V0.Test.csproj", "{1EEF7CFD-91DF-4C3B-8C9D-4E722B3CBE1C}"
EndProject
Project("{FAE04EC0-301F-11D3-BF4B-00C04F79EFBC}") = "Tyuiu.GandaloevMA.Sprint0.Task4.V0", "Tyuiu.GandaloevMA.Sprint0.Task4.V0\Tyuiu.GandaloevMA.Sprint0.Task4.V0.csproj", "{F9D9CCE9-51FE-4DCC-A2A8-69A59EE664D3}"
EndProject
Project("{FAE04EC0-301F-11D3-BF4B-00C04F79EFBC}") = "Tyuiu.GandaloevMA.Sprint0.Task4.V0.Lib", "Tyuiu.GandaloevMA.Sprint0.Task4.V0.Lib\Tyuiu.GandaloevMA.Sprint0.Task4.V0.Lib.csproj", "{C5CCF7E6-F948-44C4-9165-2C489FF2A390}"
EndProject
Project("{2150E333-8FDC-42A3-9474-1A3956D46DE8}") = "Task5", "Task5", "{3F13262A-9D78-44D7-88B8-AAAE8C536E8E}"
EndProject
Project("{2150E333-8FDC-42A3-9474-1A3956D46DE8}") = "Task6", "Task6", "{3BFC143F-29EE-40CD-A96F-2357CD9F4B89}"
EndProject
Project("{2150E333-8FDC-42A3-9474-1A3956D46DE8}") = "Task7", "Task7", "{263E6BF1-78A5-4795-92CA-21F086892323}"
EndProject
Project("{FAE04EC0-301F-11D3-BF4B-00C04F79EFBC}") = "Tyuiu.GandaloevMA.Sprint0.Task5.V0", "Tyuiu.GandaloevMA.Sprint0.Task5.V0\Tyuiu.GandaloevMA.Sprint0.Task5.V0.csproj", "{7C546E00-2792-4938-8EA5-14F5CAA48675}"
EndProject
Project("{FAE04EC0-301F-11D3-BF4B-00C04F79EFBC}") = "Tyuiu.GandaloevMA.Sprint0.Task5.V0.Lib", "Tyuiu.GandaloevMA.Sprint0.Task5.V0.Lib\Tyuiu.GandaloevMA.Sprint0.Task5.V0.Lib.csproj", "{8F87713B-0BB7-479C-A789-089C2C0DB6C8}"
EndProject
Project("{FAE04EC0-301F-11D3-BF4B-00C04F79EFBC}") = "Tyuiu.GandaloevMA.Sprint0.Task5.V0.Test", "Tyuiu.GandaloevMA.Sprint0.Task5.V0.Test\Tyuiu.GandaloevMA.Sprint0.Task5.V0.Test.csproj", "{AD249778-A974-4DFE-8ED7-BFBF7CC4A2A0}"
EndProject
Project("{FAE04EC0-301F-11D3-BF4B-00C04F79EFBC}") = "Tyuiu.GandaloevMA.Sprint0.Task6.V0", "Tyuiu.GandaloevMA.Sprint0.Task6.V0\Tyuiu.GandaloevMA.Sprint0.Task6.V0.csproj", "{5DD3017D-2B97-4126-BC1A-A5AC3E5299C2}"
EndProject
Project("{FAE04EC0-301F-11D3-BF4B-00C04F79EFBC}") = "Tyuiu.GandaloevMA.Sprint0.Task6.V0.Test", "Tyuiu.GandaloevMA.Sprint0.Task6.V0.Test\Tyuiu.GandaloevMA.Sprint0.Task6.V0.Test.csproj", "{C06860A6-D3FC-4957-99F1-7E423C21F0DB}"
EndProject
Project("{FAE04EC0-301F-11D3-BF4B-00C04F79EFBC}") = "Tyuiu.GandaloevMA.Sprint0.Task6.V0.Lib", "Tyuiu.GandaloevMA.Sprint0.Task6.V0.Lib\Tyuiu.GandaloevMA.Sprint0.Task6.V0.Lib.csproj", "{B7009B9E-E681-4B90-A3CB-3F5100E65853}"
EndProject
Global
	GlobalSection(SolutionConfigurationPlatforms) = preSolution
		Debug|Any CPU = Debug|Any CPU
		Release|Any CPU = Release|Any CPU
	EndGlobalSection
	GlobalSection(ProjectConfigurationPlatforms) = postSolution
		{6BBBE85C-A390-4AEF-B486-C4CA32F860C6}.Debug|Any CPU.ActiveCfg = Debug|Any CPU
		{6BBBE85C-A390-4AEF-B486-C4CA32F860C6}.Debug|Any CPU.Build.0 = Debug|Any CPU
		{6BBBE85C-A390-4AEF-B486-C4CA32F860C6}.Release|Any CPU.ActiveCfg = Release|Any CPU
		{6BBBE85C-A390-4AEF-B486-C4CA32F860C6}.Release|Any CPU.Build.0 = Release|Any CPU
		{92368BF7-27B8-46F4-8B84-A380ED3E7054}.Debug|Any CPU.ActiveCfg = Debug|Any CPU
		{92368BF7-27B8-46F4-8B84-A380ED3E7054}.Debug|Any CPU.Build.0 = Debug|Any CPU
		{92368BF7-27B8-46F4-8B84-A380ED3E7054}.Release|Any CPU.ActiveCfg = Release|Any CPU
		{92368BF7-27B8-46F4-8B84-A380ED3E7054}.Release|Any CPU.Build.0 = Release|Any CPU
		{C0A8CE18-8894-4453-AB2C-EBA01F8CC088}.Debug|Any CPU.ActiveCfg = Debug|Any CPU
		{C0A8CE18-8894-4453-AB2C-EBA01F8CC088}.Debug|Any CPU.Build.0 = Debug|Any CPU
		{C0A8CE18-8894-4453-AB2C-EBA01F8CC088}.Release|Any CPU.ActiveCfg = Release|Any CPU
		{C0A8CE18-8894-4453-AB2C-EBA01F8CC088}.Release|Any CPU.Build.0 = Release|Any CPU
		{1EA91C52-7752-4C4B-8B8B-3BCBD28371DE}.Debug|Any CPU.ActiveCfg = Debug|Any CPU
		{1EA91C52-7752-4C4B-8B8B-3BCBD28371DE}.Debug|Any CPU.Build.0 = Debug|Any CPU
		{1EA91C52-7752-4C4B-8B8B-3BCBD28371DE}.Release|Any CPU.ActiveCfg = Release|Any CPU
		{1EA91C52-7752-4C4B-8B8B-3BCBD28371DE}.Release|Any CPU.Build.0 = Release|Any CPU
		{BB8C7646-4B2C-4B35-AD70-245B9CD8762E}.Debug|Any CPU.ActiveCfg = Debug|Any CPU
		{BB8C7646-4B2C-4B35-AD70-245B9CD8762E}.Debug|Any CPU.Build.0 = Debug|Any CPU
		{BB8C7646-4B2C-4B35-AD70-245B9CD8762E}.Release|Any CPU.ActiveCfg = Release|Any CPU
		{BB8C7646-4B2C-4B35-AD70-245B9CD8762E}.Release|Any CPU.Build.0 = Release|Any CPU
		{7D312A39-FB39-455E-A0F1-4012E4601DF3}.Debug|Any CPU.ActiveCfg = Debug|Any CPU
		{7D312A39-FB39-455E-A0F1-4012E4601DF3}.Debug|Any CPU.Build.0 = Debug|Any CPU
		{7D312A39-FB39-455E-A0F1-4012E4601DF3}.Release|Any CPU.ActiveCfg = Release|Any CPU
		{7D312A39-FB39-455E-A0F1-4012E4601DF3}.Release|Any CPU.Build.0 = Release|Any CPU
		{532BA7CC-5B25-43D2-90C2-AE9481D14285}.Debug|Any CPU.ActiveCfg = Debug|Any CPU
		{532BA7CC-5B25-43D2-90C2-AE9481D14285}.Debug|Any CPU.Build.0 = Debug|Any CPU
		{532BA7CC-5B25-43D2-90C2-AE9481D14285}.Release|Any CPU.ActiveCfg = Release|Any CPU
		{532BA7CC-5B25-43D2-90C2-AE9481D14285}.Release|Any CPU.Build.0 = Release|Any CPU
		{18E053AD-315F-460A-869F-5D47B7ED08E3}.Debug|Any CPU.ActiveCfg = Debug|Any CPU
		{18E053AD-315F-460A-869F-5D47B7ED08E3}.Debug|Any CPU.Build.0 = Debug|Any CPU
		{18E053AD-315F-460A-869F-5D47B7ED08E3}.Release|Any CPU.ActiveCfg = Release|Any CPU
		{18E053AD-315F-460A-869F-5D47B7ED08E3}.Release|Any CPU.Build.0 = Release|Any CPU
		{1EEF7CFD-91DF-4C3B-8C9D-4E722B3CBE1C}.Debug|Any CPU.ActiveCfg = Debug|Any CPU
		{1EEF7CFD-91DF-4C3B-8C9D-4E722B3CBE1C}.Debug|Any CPU.Build.0 = Debug|Any CPU
		{1EEF7CFD-91DF-4C3B-8C9D-4E722B3CBE1C}.Release|Any CPU.ActiveCfg = Release|Any CPU
		{1EEF7CFD-91DF-4C3B-8C9D-4E722B3CBE1C}.Release|Any CPU.Build.0 = Release|Any CPU
		{F9D9CCE9-51FE-4DCC-A2A8-69A59EE664D3}.Debug|Any CPU.ActiveCfg = Debug|Any CPU
		{F9D9CCE9-51FE-4DCC-A2A8-69A59EE664D3}.Debug|Any CPU.Build.0 = Debug|Any CPU
		{F9D9CCE9-51FE-4DCC-A2A8-69A59EE664D3}.Release|Any CPU.ActiveCfg = Release|Any CPU
		{F9D9CCE9-51FE-4DCC-A2A8-69A59EE664D3}.Release|Any CPU.Build.0 = Release|Any CPU
		{C5CCF7E6-F948-44C4-9165-2C489FF2A390}.Debug|Any CPU.ActiveCfg = Debug|Any CPU
		{C5CCF7E6-F948-44C4-9165-2C489FF2A390}.Debug|Any CPU.Build.0 = Debug|Any CPU
		{C5CCF7E6-F948-44C4-9165-2C489FF2A390}.Release|Any CPU.ActiveCfg = Release|Any CPU
		{C5CCF7E6-F948-44C4-9165-2C489FF2A390}.Release|Any CPU.Build.0 = Release|Any CPU
		{7C546E00-2792-4938-8EA5-14F5CAA48675}.Debug|Any CPU.ActiveCfg = Debug|Any CPU
		{7C546E00-2792-4938-8EA5-14F5CAA48675}.Debug|Any CPU.Build.0 = Debug|Any CPU
		{7C546E00-2792-4938-8EA5-14F5CAA48675}.Release|Any CPU.ActiveCfg = Release|Any CPU
		{7C546E00-2792-4938-8EA5-14F5CAA48675}.Release|Any CPU.Build.0 = Release|Any CPU
		{8F87713B-0BB7-479C-A789-089C2C0DB6C8}.Debug|Any CPU.ActiveCfg = Debug|Any CPU
		{8F87713B-0BB7-479C-A789-089C2C0DB6C8}.Debug|Any CPU.Build.0 = Debug|Any CPU
		{8F87713B-0BB7-479C-A789-089C2C0DB6C8}.Release|Any CPU.ActiveCfg = Release|Any CPU
		{8F87713B-0BB7-479C-A789-089C2C0DB6C8}.Release|Any CPU.Build.0 = Release|Any CPU
		{AD249778-A974-4DFE-8ED7-BFBF7CC4A2A0}.Debug|Any CPU.ActiveCfg = Debug|Any CPU
		{AD249778-A974-4DFE-8ED7-BFBF7CC4A2A0}.Debug|Any CPU.Build.0 = Debug|Any CPU
		{AD249778-A974-4DFE-8ED7-BFBF7CC4A2A0}.Release|Any CPU.ActiveCfg = Release|Any CPU
		{AD249778-A974-4DFE-8ED7-BFBF7CC4A2A0}.Release|Any CPU.Build.0 = Release|Any CPU
		{5DD3017D-2B97-4126-BC1A-A5AC3E5299C2}.Debug|Any CPU.ActiveCfg = Debug|Any CPU
		{5DD3017D-2B97-4126-BC1A-A5AC3E5299C2}.Debug|Any CPU.Build.0 = Debug|Any CPU
		{5DD3017D-2B97-4126-BC1A-A5AC3E5299C2}.Release|Any CPU.ActiveCfg = Release|Any CPU
		{5DD3017D-2B97-4126-BC1A-A5AC3E5299C2}.Release|Any CPU.Build.0 = Release|Any CPU
		{C06860A6-D3FC-4957-99F1-7E423C21F0DB}.Debug|Any CPU.ActiveCfg = Debug|Any CPU
		{C06860A6-D3FC-4957-99F1-7E423C21F0DB}.Debug|Any CPU.Build.0 = Debug|Any CPU
		{C06860A6-D3FC-4957-99F1-7E423C21F0DB}.Release|Any CPU.ActiveCfg = Release|Any CPU
		{C06860A6-D3FC-4957-99F1-7E423C21F0DB}.Release|Any CPU.Build.0 = Release|Any CPU
		{B7009B9E-E681-4B90-A3CB-3F5100E65853}.Debug|Any CPU.ActiveCfg = Debug|Any CPU
		{B7009B9E-E681-4B90-A3CB-3F5100E65853}.Debug|Any CPU.Build.0 = Debug|Any CPU
		{B7009B9E-E681-4B90-A3CB-3F5100E65853}.Release|Any CPU.ActiveCfg = Release|Any CPU
		{B7009B9E-E681-4B90-A3CB-3F5100E65853}.Release|Any CPU.Build.0 = Release|Any CPU
	EndGlobalSection
	GlobalSection(SolutionProperties) = preSolution
		HideSolutionNode = FALSE
	EndGlobalSection
	GlobalSection(NestedProjects) = preSolution
		{6BBBE85C-A390-4AEF-B486-C4CA32F860C6} = {FF1F1ED8-598C-4585-98B5-2C2CCC4D7601}
		{92368BF7-27B8-46F4-8B84-A380ED3E7054} = {2CCA4C8D-1493-40E3-84B4-4FC5E9E73CC0}
		{C0A8CE18-8894-4453-AB2C-EBA01F8CC088} = {ED2007B3-E6DD-4EC9-89CA-BFF774825766}
		{1EA91C52-7752-4C4B-8B8B-3BCBD28371DE} = {ED2007B3-E6DD-4EC9-89CA-BFF774825766}
		{BB8C7646-4B2C-4B35-AD70-245B9CD8762E} = {ED2007B3-E6DD-4EC9-89CA-BFF774825766}
		{7D312A39-FB39-455E-A0F1-4012E4601DF3} = {68F94094-4C29-48C5-9B73-947EFA73C01F}
		{532BA7CC-5B25-43D2-90C2-AE9481D14285} = {68F94094-4C29-48C5-9B73-947EFA73C01F}
		{18E053AD-315F-460A-869F-5D47B7ED08E3} = {68F94094-4C29-48C5-9B73-947EFA73C01F}
		{1EEF7CFD-91DF-4C3B-8C9D-4E722B3CBE1C} = {109A4C83-EBAC-4F5C-8EF4-AFB8C4512EF8}
		{F9D9CCE9-51FE-4DCC-A2A8-69A59EE664D3} = {109A4C83-EBAC-4F5C-8EF4-AFB8C4512EF8}
		{C5CCF7E6-F948-44C4-9165-2C489FF2A390} = {109A4C83-EBAC-4F5C-8EF4-AFB8C4512EF8}
		{7C546E00-2792-4938-8EA5-14F5CAA48675} = {3F13262A-9D78-44D7-88B8-AAAE8C536E8E}
		{8F87713B-0BB7-479C-A789-089C2C0DB6C8} = {3F13262A-9D78-44D7-88B8-AAAE8C536E8E}
		{AD249778-A974-4DFE-8ED7-BFBF7CC4A2A0} = {3F13262A-9D78-44D7-88B8-AAAE8C536E8E}
		{5DD3017D-2B97-4126-BC1A-A5AC3E5299C2} = {3BFC143F-29EE-40CD-A96F-2357CD9F4B89}
		{C06860A6-D3FC-4957-99F1-7E423C21F0DB} = {3BFC143F-29EE-40CD-A96F-2357CD9F4B89}
		{B7009B9E-E681-4B90-A3CB-3F5100E65853} = {3BFC143F-29EE-40CD-A96F-2357CD9F4B89}
	EndGlobalSection
	GlobalSection(ExtensibilityGlobals) = postSolution
		SolutionGuid = {F6FE3375-A30D-4A0E-9DC3-926D6FD46F87}
	EndGlobalSection
EndGlobal
